
Microsoft Visual Studio Solution File, Format Version 12.00
# Visual Studio Version 16
VisualStudioVersion = 16.0.30517.126
MinimumVisualStudioVersion = 10.0.40219.1
Project("{FAE04EC0-301F-11D3-BF4B-00C04F79EFBC}") = "EjemploControlVersiones", "EjemploControlVersiones\EjemploControlVersiones.csproj", "{7B82BEEE-5825-49FF-AEEF-6D5382E08945}"
EndProject
Global
	GlobalSection(SolutionConfigurationPlatforms) = preSolution
		Debug|Any CPU = Debug|Any CPU
		Release|Any CPU = Release|Any CPU
	EndGlobalSection
	GlobalSection(ProjectConfigurationPlatforms) = postSolution
		{7B82BEEE-5825-49FF-AEEF-6D5382E08945}.Debug|Any CPU.ActiveCfg = Debug|Any CPU
		{7B82BEEE-5825-49FF-AEEF-6D5382E08945}.Debug|Any CPU.Build.0 = Debug|Any CPU
		{7B82BEEE-5825-49FF-AEEF-6D5382E08945}.Release|Any CPU.ActiveCfg = Release|Any CPU
		{7B82BEEE-5825-49FF-AEEF-6D5382E08945}.Release|Any CPU.Build.0 = Release|Any CPU
	EndGlobalSection
	GlobalSection(SolutionProperties) = preSolution
		HideSolutionNode = FALSE
	EndGlobalSection
	GlobalSection(ExtensibilityGlobals) = postSolution
		SolutionGuid = {4D879E7E-47FF-454E-B2E1-0725A263D2A3}
	EndGlobalSection
EndGlobal
